[[package]]
name = "custom-queue"
version = "0.1.0"
description = ""
category = "main"
optional = false
python-versions = "^3.8.0"
develop = true

[package.source]
type = "directory"
url = "../custom_queue"

[metadata]
lock-version = "1.1"
python-versions = "^3.8.0"
content-hash = "e1e52401d4a16f462ead7a1d97041f7ddb50cc3a2b620b4a64c41f2f83c664af"

[metadata.files]
custom-queue = []
